
Microsoft Visual Studio Solution File, Format Version 12.00
# Visual Studio Version 17
VisualStudioVersion = 17.10.35122.118
MinimumVisualStudioVersion = 10.0.40219.1
Project("{9A19103F-16F7-4668-BE54-9A1E7A4F7556}") = "TodoWeb", "TodoWeb\TodoWeb.csproj", "{E6CFD643-F94D-42DB-B77A-AAB1F687B4E2}"
EndProject
Global
	GlobalSection(SolutionConfigurationPlatforms) = preSolution
		Debug|Any CPU = Debug|Any CPU
		Release|Any CPU = Release|Any CPU
	EndGlobalSection
	GlobalSection(ProjectConfigurationPlatforms) = postSolution
		{E6CFD643-F94D-42DB-B77A-AAB1F687B4E2}.Debug|Any CPU.ActiveCfg = Debug|Any CPU
		{E6CFD643-F94D-42DB-B77A-AAB1F687B4E2}.Debug|Any CPU.Build.0 = Debug|Any CPU
		{E6CFD643-F94D-42DB-B77A-AAB1F687B4E2}.Release|Any CPU.ActiveCfg = Release|Any CPU
		{E6CFD643-F94D-42DB-B77A-AAB1F687B4E2}.Release|Any CPU.Build.0 = Release|Any CPU
	EndGlobalSection
	GlobalSection(SolutionProperties) = preSolution
		HideSolutionNode = FALSE
	EndGlobalSection
	GlobalSection(ExtensibilityGlobals) = postSolution
		SolutionGuid = {38FC131D-AC12-4941-9B72-E648B6481B5D}
	EndGlobalSection
EndGlobal
